
Microsoft Visual Studio Solution File, Format Version 12.00
# Visual Studio 15
VisualStudioVersion = 15.0.27924.0
MinimumVisualStudioVersion = 10.0.40219.1
Project("{FAE04EC0-301F-11D3-BF4B-00C04F79EFBC}") = "Sales.Android", "Sales\Sales.Android\Sales.Android.csproj", "{E84B8155-8D53-4699-B25C-351DAB17373E}"
EndProject
Project("{FAE04EC0-301F-11D3-BF4B-00C04F79EFBC}") = "Sales.iOS", "Sales\Sales.iOS\Sales.iOS.csproj", "{1F790619-175B-4CD8-8754-9224C0BBBD21}"
EndProject
Project("{9A19103F-16F7-4668-BE54-9A1E7A4F7556}") = "Sales", "Sales\Sales\Sales.csproj", "{3D0E4124-F2D2-4175-B534-65EBD166010C}"
EndProject
Project("{FAE04EC0-301F-11D3-BF4B-00C04F79EFBC}") = "Sales.Backend", "Sales.Backend\Sales.Backend.csproj", "{89770C0D-B7DC-477C-8C5E-1ECCD7E2C060}"
EndProject
Project("{FAE04EC0-301F-11D3-BF4B-00C04F79EFBC}") = "Sales.API", "Sales.API\Sales.API.csproj", "{F930E161-1F38-48B2-8F98-887EC06B0EC7}"
EndProject
Project("{FAE04EC0-301F-11D3-BF4B-00C04F79EFBC}") = "Sales.Domain", "Sales.Domain\Sales.Domain.csproj", "{C64C56FE-6D7E-495E-9FFC-F84FEE8A742B}"
EndProject
Project("{FAE04EC0-301F-11D3-BF4B-00C04F79EFBC}") = "Sales.Common", "Sales.Common\Sales.Common.csproj", "{8437978B-A1B5-4F25-B0A5-C229D51359EB}"
EndProject
Global
	GlobalSection(SolutionConfigurationPlatforms) = preSolution
		Ad-Hoc|Any CPU = Ad-Hoc|Any CPU
		Ad-Hoc|iPhone = Ad-Hoc|iPhone
		Ad-Hoc|iPhoneSimulator = Ad-Hoc|iPhoneSimulator
		AppStore|Any CPU = AppStore|Any CPU
		AppStore|iPhone = AppStore|iPhone
		AppStore|iPhoneSimulator = AppStore|iPhoneSimulator
		Debug|Any CPU = Debug|Any CPU
		Debug|iPhone = Debug|iPhone
		Debug|iPhoneSimulator = Debug|iPhoneSimulator
		Release|Any CPU = Release|Any CPU
		Release|iPhone = Release|iPhone
		Release|iPhoneSimulator = Release|iPhoneSimulator
	EndGlobalSection
	GlobalSection(ProjectConfigurationPlatforms) = postSolution
		{E84B8155-8D53-4699-B25C-351DAB17373E}.Ad-Hoc|Any CPU.ActiveCfg = Release|Any CPU
		{E84B8155-8D53-4699-B25C-351DAB17373E}.Ad-Hoc|Any CPU.Build.0 = Release|Any CPU
		{E84B8155-8D53-4699-B25C-351DAB17373E}.Ad-Hoc|Any CPU.Deploy.0 = Release|Any CPU
		{E84B8155-8D53-4699-B25C-351DAB17373E}.Ad-Hoc|iPhone.ActiveCfg = Release|Any CPU
		{E84B8155-8D53-4699-B25C-351DAB17373E}.Ad-Hoc|iPhone.Build.0 = Release|Any CPU
		{E84B8155-8D53-4699-B25C-351DAB17373E}.Ad-Hoc|iPhone.Deploy.0 = Release|Any CPU
		{E84B8155-8D53-4699-B25C-351DAB17373E}.Ad-Hoc|iPhoneSimulator.ActiveCfg = Release|Any CPU
		{E84B8155-8D53-4699-B25C-351DAB17373E}.Ad-Hoc|iPhoneSimulator.Build.0 = Release|Any CPU
		{E84B8155-8D53-4699-B25C-351DAB17373E}.Ad-Hoc|iPhoneSimulator.Deploy.0 = Release|Any CPU
		{E84B8155-8D53-4699-B25C-351DAB17373E}.AppStore|Any CPU.ActiveCfg = Release|Any CPU
		{E84B8155-8D53-4699-B25C-351DAB17373E}.AppStore|Any CPU.Build.0 = Release|Any CPU
		{E84B8155-8D53-4699-B25C-351DAB17373E}.AppStore|Any CPU.Deploy.0 = Release|Any CPU
		{E84B8155-8D53-4699-B25C-351DAB17373E}.AppStore|iPhone.ActiveCfg = Release|Any CPU
		{E84B8155-8D53-4699-B25C-351DAB17373E}.AppStore|iPhone.Build.0 = Release|Any CPU
		{E84B8155-8D53-4699-B25C-351DAB17373E}.AppStore|iPhone.Deploy.0 = Release|Any CPU
		{E84B8155-8D53-4699-B25C-351DAB17373E}.AppStore|iPhoneSimulator.ActiveCfg = Release|Any CPU
		{E84B8155-8D53-4699-B25C-351DAB17373E}.AppStore|iPhoneSimulator.Build.0 = Release|Any CPU
		{E84B8155-8D53-4699-B25C-351DAB17373E}.AppStore|iPhoneSimulator.Deploy.0 = Release|Any CPU
		{E84B8155-8D53-4699-B25C-351DAB17373E}.Debug|Any CPU.ActiveCfg = Debug|Any CPU
		{E84B8155-8D53-4699-B25C-351DAB17373E}.Debug|Any CPU.Build.0 = Debug|Any CPU
		{E84B8155-8D53-4699-B25C-351DAB17373E}.Debug|Any CPU.Deploy.0 = Debug|Any CPU
		{E84B8155-8D53-4699-B25C-351DAB17373E}.Debug|iPhone.ActiveCfg = Debug|Any CPU
		{E84B8155-8D53-4699-B25C-351DAB17373E}.Debug|iPhone.Build.0 = Debug|Any CPU
		{E84B8155-8D53-4699-B25C-351DAB17373E}.Debug|iPhone.Deploy.0 = Debug|Any CPU
		{E84B8155-8D53-4699-B25C-351DAB17373E}.Debug|iPhoneSimulator.ActiveCfg = Debug|Any CPU
		{E84B8155-8D53-4699-B25C-351DAB17373E}.Debug|iPhoneSimulator.Build.0 = Debug|Any CPU
		{E84B8155-8D53-4699-B25C-351DAB17373E}.Debug|iPhoneSimulator.Deploy.0 = Debug|Any CPU
		{E84B8155-8D53-4699-B25C-351DAB17373E}.Release|Any CPU.ActiveCfg = Release|Any CPU
		{E84B8155-8D53-4699-B25C-351DAB17373E}.Release|Any CPU.Build.0 = Release|Any CPU
		{E84B8155-8D53-4699-B25C-351DAB17373E}.Release|Any CPU.Deploy.0 = Release|Any CPU
		{E84B8155-8D53-4699-B25C-351DAB17373E}.Release|iPhone.ActiveCfg = Release|Any CPU
		{E84B8155-8D53-4699-B25C-351DAB17373E}.Release|iPhone.Build.0 = Release|Any CPU
		{E84B8155-8D53-4699-B25C-351DAB17373E}.Release|iPhone.Deploy.0 = Release|Any CPU
		{E84B8155-8D53-4699-B25C-351DAB17373E}.Release|iPhoneSimulator.ActiveCfg = Release|Any CPU
		{E84B8155-8D53-4699-B25C-351DAB17373E}.Release|iPhoneSimulator.Build.0 = Release|Any CPU
		{E84B8155-8D53-4699-B25C-351DAB17373E}.Release|iPhoneSimulator.Deploy.0 = Release|Any CPU
		{1F790619-175B-4CD8-8754-9224C0BBBD21}.Ad-Hoc|Any CPU.ActiveCfg = Ad-Hoc|iPhone
		{1F790619-175B-4CD8-8754-9224C0BBBD21}.Ad-Hoc|Any CPU.Build.0 = Ad-Hoc|iPhone
		{1F790619-175B-4CD8-8754-9224C0BBBD21}.Ad-Hoc|Any CPU.Deploy.0 = Ad-Hoc|iPhone
		{1F790619-175B-4CD8-8754-9224C0BBBD21}.Ad-Hoc|iPhone.ActiveCfg = Ad-Hoc|iPhone
		{1F790619-175B-4CD8-8754-9224C0BBBD21}.Ad-Hoc|iPhone.Build.0 = Ad-Hoc|iPhone
		{1F790619-175B-4CD8-8754-9224C0BBBD21}.Ad-Hoc|iPhone.Deploy.0 = Ad-Hoc|iPhone
		{1F790619-175B-4CD8-8754-9224C0BBBD21}.Ad-Hoc|iPhoneSimulator.ActiveCfg = Ad-Hoc|iPhoneSimulator
		{1F790619-175B-4CD8-8754-9224C0BBBD21}.Ad-Hoc|iPhoneSimulator.Build.0 = Ad-Hoc|iPhoneSimulator
		{1F790619-175B-4CD8-8754-9224C0BBBD21}.Ad-Hoc|iPhoneSimulator.Deploy.0 = Ad-Hoc|iPhoneSimulator
		{1F790619-175B-4CD8-8754-9224C0BBBD21}.AppStore|Any CPU.ActiveCfg = AppStore|iPhone
		{1F790619-175B-4CD8-8754-9224C0BBBD21}.AppStore|Any CPU.Build.0 = AppStore|iPhone
		{1F790619-175B-4CD8-8754-9224C0BBBD21}.AppStore|Any CPU.Deploy.0 = AppStore|iPhone
		{1F790619-175B-4CD8-8754-9224C0BBBD21}.AppStore|iPhone.ActiveCfg = AppStore|iPhone
		{1F790619-175B-4CD8-8754-9224C0BBBD21}.AppStore|iPhone.Build.0 = AppStore|iPhone
		{1F790619-175B-4CD8-8754-9224C0BBBD21}.AppStore|iPhone.Deploy.0 = AppStore|iPhone
		{1F790619-175B-4CD8-8754-9224C0BBBD21}.AppStore|iPhoneSimulator.ActiveCfg = AppStore|iPhoneSimulator
		{1F790619-175B-4CD8-8754-9224C0BBBD21}.AppStore|iPhoneSimulator.Build.0 = AppStore|iPhoneSimulator
		{1F790619-175B-4CD8-8754-9224C0BBBD21}.AppStore|iPhoneSimulator.Deploy.0 = AppStore|iPhoneSimulator
		{1F790619-175B-4CD8-8754-9224C0BBBD21}.Debug|Any CPU.ActiveCfg = Debug|iPhoneSimulator
		{1F790619-175B-4CD8-8754-9224C0BBBD21}.Debug|Any CPU.Build.0 = Debug|iPhoneSimulator
		{1F790619-175B-4CD8-8754-9224C0BBBD21}.Debug|Any CPU.Deploy.0 = Debug|iPhoneSimulator
		{1F790619-175B-4CD8-8754-9224C0BBBD21}.Debug|iPhone.ActiveCfg = Debug|iPhone
		{1F790619-175B-4CD8-8754-9224C0BBBD21}.Debug|iPhone.Build.0 = Debug|iPhone
		{1F790619-175B-4CD8-8754-9224C0BBBD21}.Debug|iPhone.Deploy.0 = Debug|iPhone
		{1F790619-175B-4CD8-8754-9224C0BBBD21}.Debug|iPhoneSimulator.ActiveCfg = Debug|iPhoneSimulator
		{1F790619-175B-4CD8-8754-9224C0BBBD21}.Debug|iPhoneSimulator.Build.0 = Debug|iPhoneSimulator
		{1F790619-175B-4CD8-8754-9224C0BBBD21}.Debug|iPhoneSimulator.Deploy.0 = Debug|iPhoneSimulator
		{1F790619-175B-4CD8-8754-9224C0BBBD21}.Release|Any CPU.ActiveCfg = Release|iPhone
		{1F790619-175B-4CD8-8754-9224C0BBBD21}.Release|Any CPU.Build.0 = Release|iPhone
		{1F790619-175B-4CD8-8754-9224C0BBBD21}.Release|Any CPU.Deploy.0 = Release|iPhone
		{1F790619-175B-4CD8-8754-9224C0BBBD21}.Release|iPhone.ActiveCfg = Release|iPhone
		{1F790619-175B-4CD8-8754-9224C0BBBD21}.Release|iPhone.Build.0 = Release|iPhone
		{1F790619-175B-4CD8-8754-9224C0BBBD21}.Release|iPhone.Deploy.0 = Release|iPhone
		{1F790619-175B-4CD8-8754-9224C0BBBD21}.Release|iPhoneSimulator.ActiveCfg = Release|iPhoneSimulator
		{1F790619-175B-4CD8-8754-9224C0BBBD21}.Release|iPhoneSimulator.Build.0 = Release|iPhoneSimulator
		{1F790619-175B-4CD8-8754-9224C0BBBD21}.Release|iPhoneSimulator.Deploy.0 = Release|iPhoneSimulator
		{3D0E4124-F2D2-4175-B534-65EBD166010C}.Ad-Hoc|Any CPU.ActiveCfg = Debug|Any CPU
		{3D0E4124-F2D2-4175-B534-65EBD166010C}.Ad-Hoc|Any CPU.Build.0 = Debug|Any CPU
		{3D0E4124-F2D2-4175-B534-65EBD166010C}.Ad-Hoc|Any CPU.Deploy.0 = Debug|Any CPU
		{3D0E4124-F2D2-4175-B534-65EBD166010C}.Ad-Hoc|iPhone.ActiveCfg = Debug|Any CPU
		{3D0E4124-F2D2-4175-B534-65EBD166010C}.Ad-Hoc|iPhone.Build.0 = Debug|Any CPU
		{3D0E4124-F2D2-4175-B534-65EBD166010C}.Ad-Hoc|iPhone.Deploy.0 = Debug|Any CPU
		{3D0E4124-F2D2-4175-B534-65EBD166010C}.Ad-Hoc|iPhoneSimulator.ActiveCfg = Debug|Any CPU
		{3D0E4124-F2D2-4175-B534-65EBD166010C}.Ad-Hoc|iPhoneSimulator.Build.0 = Debug|Any CPU
		{3D0E4124-F2D2-4175-B534-65EBD166010C}.Ad-Hoc|iPhoneSimulator.Deploy.0 = Debug|Any CPU
		{3D0E4124-F2D2-4175-B534-65EBD166010C}.AppStore|Any CPU.ActiveCfg = Debug|Any CPU
		{3D0E4124-F2D2-4175-B534-65EBD166010C}.AppStore|Any CPU.Build.0 = Debug|Any CPU
		{3D0E4124-F2D2-4175-B534-65EBD166010C}.AppStore|Any CPU.Deploy.0 = Debug|Any CPU
		{3D0E4124-F2D2-4175-B534-65EBD166010C}.AppStore|iPhone.ActiveCfg = Debug|Any CPU
		{3D0E4124-F2D2-4175-B534-65EBD166010C}.AppStore|iPhone.Build.0 = Debug|Any CPU
		{3D0E4124-F2D2-4175-B534-65EBD166010C}.AppStore|iPhone.Deploy.0 = Debug|Any CPU
		{3D0E4124-F2D2-4175-B534-65EBD166010C}.AppStore|iPhoneSimulator.ActiveCfg = Debug|Any CPU
		{3D0E4124-F2D2-4175-B534-65EBD166010C}.AppStore|iPhoneSimulator.Build.0 = Debug|Any CPU
		{3D0E4124-F2D2-4175-B534-65EBD166010C}.AppStore|iPhoneSimulator.Deploy.0 = Debug|Any CPU
		{3D0E4124-F2D2-4175-B534-65EBD166010C}.Debug|Any CPU.ActiveCfg = Debug|Any CPU
		{3D0E4124-F2D2-4175-B534-65EBD166010C}.Debug|Any CPU.Build.0 = Debug|Any CPU
		{3D0E4124-F2D2-4175-B534-65EBD166010C}.Debug|Any CPU.Deploy.0 = Debug|Any CPU
		{3D0E4124-F2D2-4175-B534-65EBD166010C}.Debug|iPhone.ActiveCfg = Debug|Any CPU
		{3D0E4124-F2D2-4175-B534-65EBD166010C}.Debug|iPhone.Build.0 = Debug|Any CPU
		{3D0E4124-F2D2-4175-B534-65EBD166010C}.Debug|iPhone.Deploy.0 = Debug|Any CPU
		{3D0E4124-F2D2-4175-B534-65EBD166010C}.Debug|iPhoneSimulator.ActiveCfg = Debug|Any CPU
		{3D0E4124-F2D2-4175-B534-65EBD166010C}.Debug|iPhoneSimulator.Build.0 = Debug|Any CPU
		{3D0E4124-F2D2-4175-B534-65EBD166010C}.Debug|iPhoneSimulator.Deploy.0 = Debug|Any CPU
		{3D0E4124-F2D2-4175-B534-65EBD166010C}.Release|Any CPU.ActiveCfg = Release|Any CPU
		{3D0E4124-F2D2-4175-B534-65EBD166010C}.Release|Any CPU.Build.0 = Release|Any CPU
		{3D0E4124-F2D2-4175-B534-65EBD166010C}.Release|Any CPU.Deploy.0 = Release|Any CPU
		{3D0E4124-F2D2-4175-B534-65EBD166010C}.Release|iPhone.ActiveCfg = Release|Any CPU
		{3D0E4124-F2D2-4175-B534-65EBD166010C}.Release|iPhone.Build.0 = Release|Any CPU
		{3D0E4124-F2D2-4175-B534-65EBD166010C}.Release|iPhone.Deploy.0 = Release|Any CPU
		{3D0E4124-F2D2-4175-B534-65EBD166010C}.Release|iPhoneSimulator.ActiveCfg = Release|Any CPU
		{3D0E4124-F2D2-4175-B534-65EBD166010C}.Release|iPhoneSimulator.Build.0 = Release|Any CPU
		{3D0E4124-F2D2-4175-B534-65EBD166010C}.Release|iPhoneSimulator.Deploy.0 = Release|Any CPU
		{89770C0D-B7DC-477C-8C5E-1ECCD7E2C060}.Ad-Hoc|Any CPU.ActiveCfg = Release|Any CPU
		{89770C0D-B7DC-477C-8C5E-1ECCD7E2C060}.Ad-Hoc|Any CPU.Build.0 = Release|Any CPU
		{89770C0D-B7DC-477C-8C5E-1ECCD7E2C060}.Ad-Hoc|iPhone.ActiveCfg = Release|Any CPU
		{89770C0D-B7DC-477C-8C5E-1ECCD7E2C060}.Ad-Hoc|iPhone.Build.0 = Release|Any CPU
		{89770C0D-B7DC-477C-8C5E-1ECCD7E2C060}.Ad-Hoc|iPhoneSimulator.ActiveCfg = Release|Any CPU
		{89770C0D-B7DC-477C-8C5E-1ECCD7E2C060}.Ad-Hoc|iPhoneSimulator.Build.0 = Release|Any CPU
		{89770C0D-B7DC-477C-8C5E-1ECCD7E2C060}.AppStore|Any CPU.ActiveCfg = Release|Any CPU
		{89770C0D-B7DC-477C-8C5E-1ECCD7E2C060}.AppStore|Any CPU.Build.0 = Release|Any CPU
		{89770C0D-B7DC-477C-8C5E-1ECCD7E2C060}.AppStore|iPhone.ActiveCfg = Release|Any CPU
		{89770C0D-B7DC-477C-8C5E-1ECCD7E2C060}.AppStore|iPhone.Build.0 = Release|Any CPU
		{89770C0D-B7DC-477C-8C5E-1ECCD7E2C060}.AppStore|iPhoneSimulator.ActiveCfg = Release|Any CPU
		{89770C0D-B7DC-477C-8C5E-1ECCD7E2C060}.AppStore|iPhoneSimulator.Build.0 = Release|Any CPU
		{89770C0D-B7DC-477C-8C5E-1ECCD7E2C060}.Debug|Any CPU.ActiveCfg = Debug|Any CPU
		{89770C0D-B7DC-477C-8C5E-1ECCD7E2C060}.Debug|Any CPU.Build.0 = Debug|Any CPU
		{89770C0D-B7DC-477C-8C5E-1ECCD7E2C060}.Debug|iPhone.ActiveCfg = Debug|Any CPU
		{89770C0D-B7DC-477C-8C5E-1ECCD7E2C060}.Debug|iPhone.Build.0 = Debug|Any CPU
		{89770C0D-B7DC-477C-8C5E-1ECCD7E2C060}.Debug|iPhoneSimulator.ActiveCfg = Debug|Any CPU
		{89770C0D-B7DC-477C-8C5E-1ECCD7E2C060}.Debug|iPhoneSimulator.Build.0 = Debug|Any CPU
		{89770C0D-B7DC-477C-8C5E-1ECCD7E2C060}.Release|Any CPU.ActiveCfg = Release|Any CPU
		{89770C0D-B7DC-477C-8C5E-1ECCD7E2C060}.Release|Any CPU.Build.0 = Release|Any CPU
		{89770C0D-B7DC-477C-8C5E-1ECCD7E2C060}.Release|iPhone.ActiveCfg = Release|Any CPU
		{89770C0D-B7DC-477C-8C5E-1ECCD7E2C060}.Release|iPhone.Build.0 = Release|Any CPU
		{89770C0D-B7DC-477C-8C5E-1ECCD7E2C060}.Release|iPhoneSimulator.ActiveCfg = Release|Any CPU
		{89770C0D-B7DC-477C-8C5E-1ECCD7E2C060}.Release|iPhoneSimulator.Build.0 = Release|Any CPU
		{F930E161-1F38-48B2-8F98-887EC06B0EC7}.Ad-Hoc|Any CPU.ActiveCfg = Release|Any CPU
		{F930E161-1F38-48B2-8F98-887EC06B0EC7}.Ad-Hoc|Any CPU.Build.0 = Release|Any CPU
		{F930E161-1F38-48B2-8F98-887EC06B0EC7}.Ad-Hoc|iPhone.ActiveCfg = Release|Any CPU
		{F930E161-1F38-48B2-8F98-887EC06B0EC7}.Ad-Hoc|iPhone.Build.0 = Release|Any CPU
		{F930E161-1F38-48B2-8F98-887EC06B0EC7}.Ad-Hoc|iPhoneSimulator.ActiveCfg = Release|Any CPU
		{F930E161-1F38-48B2-8F98-887EC06B0EC7}.Ad-Hoc|iPhoneSimulator.Build.0 = Release|Any CPU
		{F930E161-1F38-48B2-8F98-887EC06B0EC7}.AppStore|Any CPU.ActiveCfg = Release|Any CPU
		{F930E161-1F38-48B2-8F98-887EC06B0EC7}.AppStore|Any CPU.Build.0 = Release|Any CPU
		{F930E161-1F38-48B2-8F98-887EC06B0EC7}.AppStore|iPhone.ActiveCfg = Release|Any CPU
		{F930E161-1F38-48B2-8F98-887EC06B0EC7}.AppStore|iPhone.Build.0 = Release|Any CPU
		{F930E161-1F38-48B2-8F98-887EC06B0EC7}.AppStore|iPhoneSimulator.ActiveCfg = Release|Any CPU
		{F930E161-1F38-48B2-8F98-887EC06B0EC7}.AppStore|iPhoneSimulator.Build.0 = Release|Any CPU
		{F930E161-1F38-48B2-8F98-887EC06B0EC7}.Debug|Any CPU.ActiveCfg = Debug|Any CPU
		{F930E161-1F38-48B2-8F98-887EC06B0EC7}.Debug|Any CPU.Build.0 = Debug|Any CPU
		{F930E161-1F38-48B2-8F98-887EC06B0EC7}.Debug|iPhone.ActiveCfg = Debug|Any CPU
		{F930E161-1F38-48B2-8F98-887EC06B0EC7}.Debug|iPhone.Build.0 = Debug|Any CPU
		{F930E161-1F38-48B2-8F98-887EC06B0EC7}.Debug|iPhoneSimulator.ActiveCfg = Debug|Any CPU
		{F930E161-1F38-48B2-8F98-887EC06B0EC7}.Debug|iPhoneSimulator.Build.0 = Debug|Any CPU
		{F930E161-1F38-48B2-8F98-887EC06B0EC7}.Release|Any CPU.ActiveCfg = Release|Any CPU
		{F930E161-1F38-48B2-8F98-887EC06B0EC7}.Release|Any CPU.Build.0 = Release|Any CPU
		{F930E161-1F38-48B2-8F98-887EC06B0EC7}.Release|iPhone.ActiveCfg = Release|Any CPU
		{F930E161-1F38-48B2-8F98-887EC06B0EC7}.Release|iPhone.Build.0 = Release|Any CPU
		{F930E161-1F38-48B2-8F98-887EC06B0EC7}.Release|iPhoneSimulator.ActiveCfg = Release|Any CPU
		{F930E161-1F38-48B2-8F98-887EC06B0EC7}.Release|iPhoneSimulator.Build.0 = Release|Any CPU
		{C64C56FE-6D7E-495E-9FFC-F84FEE8A742B}.Ad-Hoc|Any CPU.ActiveCfg = Release|Any CPU
		{C64C56FE-6D7E-495E-9FFC-F84FEE8A742B}.Ad-Hoc|Any CPU.Build.0 = Release|Any CPU
		{C64C56FE-6D7E-495E-9FFC-F84FEE8A742B}.Ad-Hoc|iPhone.ActiveCfg = Release|Any CPU
		{C64C56FE-6D7E-495E-9FFC-F84FEE8A742B}.Ad-Hoc|iPhone.Build.0 = Release|Any CPU
		{C64C56FE-6D7E-495E-9FFC-F84FEE8A742B}.Ad-Hoc|iPhoneSimulator.ActiveCfg = Release|Any CPU
		{C64C56FE-6D7E-495E-9FFC-F84FEE8A742B}.Ad-Hoc|iPhoneSimulator.Build.0 = Release|Any CPU
		{C64C56FE-6D7E-495E-9FFC-F84FEE8A742B}.AppStore|Any CPU.ActiveCfg = Release|Any CPU
		{C64C56FE-6D7E-495E-9FFC-F84FEE8A742B}.AppStore|Any CPU.Build.0 = Release|Any CPU
		{C64C56FE-6D7E-495E-9FFC-F84FEE8A742B}.AppStore|iPhone.ActiveCfg = Release|Any CPU
		{C64C56FE-6D7E-495E-9FFC-F84FEE8A742B}.AppStore|iPhone.Build.0 = Release|Any CPU
		{C64C56FE-6D7E-495E-9FFC-F84FEE8A742B}.AppStore|iPhoneSimulator.ActiveCfg = Release|Any CPU
		{C64C56FE-6D7E-495E-9FFC-F84FEE8A742B}.AppStore|iPhoneSimulator.Build.0 = Release|Any CPU
		{C64C56FE-6D7E-495E-9FFC-F84FEE8A742B}.Debug|Any CPU.ActiveCfg = Debug|Any CPU
		{C64C56FE-6D7E-495E-9FFC-F84FEE8A742B}.Debug|Any CPU.Build.0 = Debug|Any CPU
		{C64C56FE-6D7E-495E-9FFC-F84FEE8A742B}.Debug|iPhone.ActiveCfg = Debug|Any CPU
		{C64C56FE-6D7E-495E-9FFC-F84FEE8A742B}.Debug|iPhone.Build.0 = Debug|Any CPU
		{C64C56FE-6D7E-495E-9FFC-F84FEE8A742B}.Debug|iPhoneSimulator.ActiveCfg = Debug|Any CPU
		{C64C56FE-6D7E-495E-9FFC-F84FEE8A742B}.Debug|iPhoneSimulator.Build.0 = Debug|Any CPU
		{C64C56FE-6D7E-495E-9FFC-F84FEE8A742B}.Release|Any CPU.ActiveCfg = Release|Any CPU
		{C64C56FE-6D7E-495E-9FFC-F84FEE8A742B}.Release|Any CPU.Build.0 = Release|Any CPU
		{C64C56FE-6D7E-495E-9FFC-F84FEE8A742B}.Release|iPhone.ActiveCfg = Release|Any CPU
		{C64C56FE-6D7E-495E-9FFC-F84FEE8A742B}.Release|iPhone.Build.0 = Release|Any CPU
		{C64C56FE-6D7E-495E-9FFC-F84FEE8A742B}.Release|iPhoneSimulator.ActiveCfg = Release|Any CPU
		{C64C56FE-6D7E-495E-9FFC-F84FEE8A742B}.Release|iPhoneSimulator.Build.0 = Release|Any CPU
		{8437978B-A1B5-4F25-B0A5-C229D51359EB}.Ad-Hoc|Any CPU.ActiveCfg = Release|Any CPU
		{8437978B-A1B5-4F25-B0A5-C229D51359EB}.Ad-Hoc|Any CPU.Build.0 = Release|Any CPU
		{8437978B-A1B5-4F25-B0A5-C229D51359EB}.Ad-Hoc|iPhone.ActiveCfg = Release|Any CPU
		{8437978B-A1B5-4F25-B0A5-C229D51359EB}.Ad-Hoc|iPhone.Build.0 = Release|Any CPU
		{8437978B-A1B5-4F25-B0A5-C229D51359EB}.Ad-Hoc|iPhoneSimulator.ActiveCfg = Release|Any CPU
		{8437978B-A1B5-4F25-B0A5-C229D51359EB}.Ad-Hoc|iPhoneSimulator.Build.0 = Release|Any CPU
		{8437978B-A1B5-4F25-B0A5-C229D51359EB}.AppStore|Any CPU.ActiveCfg = Release|Any CPU
		{8437978B-A1B5-4F25-B0A5-C229D51359EB}.AppStore|Any CPU.Build.0 = Release|Any CPU
		{8437978B-A1B5-4F25-B0A5-C229D51359EB}.AppStore|iPhone.ActiveCfg = Release|Any CPU
		{8437978B-A1B5-4F25-B0A5-C229D51359EB}.AppStore|iPhone.Build.0 = Release|Any CPU
		{8437978B-A1B5-4F25-B0A5-C229D51359EB}.AppStore|iPhoneSimulator.ActiveCfg = Release|Any CPU
		{8437978B-A1B5-4F25-B0A5-C229D51359EB}.AppStore|iPhoneSimulator.Build.0 = Release|Any CPU
		{8437978B-A1B5-4F25-B0A5-C229D51359EB}.Debug|Any CPU.ActiveCfg = Debug|Any CPU
		{8437978B-A1B5-4F25-B0A5-C229D51359EB}.Debug|Any CPU.Build.0 = Debug|Any CPU
		{8437978B-A1B5-4F25-B0A5-C229D51359EB}.Debug|iPhone.ActiveCfg = Debug|Any CPU
		{8437978B-A1B5-4F25-B0A5-C229D51359EB}.Debug|iPhone.Build.0 = Debug|Any CPU
		{8437978B-A1B5-4F25-B0A5-C229D51359EB}.Debug|iPhoneSimulator.ActiveCfg = Debug|Any CPU
		{8437978B-A1B5-4F25-B0A5-C229D51359EB}.Debug|iPhoneSimulator.Build.0 = Debug|Any CPU
		{8437978B-A1B5-4F25-B0A5-C229D51359EB}.Release|Any CPU.ActiveCfg = Release|Any CPU
		{8437978B-A1B5-4F25-B0A5-C229D51359EB}.Release|Any CPU.Build.0 = Release|Any CPU
		{8437978B-A1B5-4F25-B0A5-C229D51359EB}.Release|iPhone.ActiveCfg = Release|Any CPU
		{8437978B-A1B5-4F25-B0A5-C229D51359EB}.Release|iPhone.Build.0 = Release|Any CPU
		{8437978B-A1B5-4F25-B0A5-C229D51359EB}.Release|iPhoneSimulator.ActiveCfg = Release|Any CPU
		{8437978B-A1B5-4F25-B0A5-C229D51359EB}.Release|iPhoneSimulator.Build.0 = Release|Any CPU
	EndGlobalSection
	GlobalSection(SolutionProperties) = preSolution
		HideSolutionNode = FALSE
	EndGlobalSection
	GlobalSection(ExtensibilityGlobals) = postSolution
		SolutionGuid = {A4D296DA-628A-4EF3-93E5-3D10DC56A75B}
	EndGlobalSection
EndGlobal
